
Microsoft Visual Studio Solution File, Format Version 12.00
# Visual Studio 15
VisualStudioVersion = 15.0.28307.572
MinimumVisualStudioVersion = 10.0.40219.1
Project("{9A19103F-16F7-4668-BE54-9A1E7A4F7556}") = "Strada.Api", "src\Strada.Api\Strada.Api.csproj", "{EFBFAD1F-F095-4625-8F20-A4101B09BC99}"
EndProject
Project("{9A19103F-16F7-4668-BE54-9A1E7A4F7556}") = "Strada.Tests", "test\Strada.Tests\Strada.Tests.csproj", "{61B54BCE-0B0D-4F1F-8F34-4959A9A251C8}"
EndProject
Project("{2150E333-8FDC-42A3-9474-1A3956D46DE8}") = "Examples", "Examples", "{B693BFF8-AFCA-4A1E-82C7-35C90E15EF3D}"
EndProject
Project("{FAE04EC0-301F-11D3-BF4B-00C04F79EFBC}") = "Strada.Net461App", "examples\Strada.Net461App\Strada.Net461App.csproj", "{069147A7-9C52-482F-97FE-D4A6786AF851}"
EndProject
Project("{9A19103F-16F7-4668-BE54-9A1E7A4F7556}") = "Strada.NetCore21App", "examples\Strada.NetCore21App\Strada.NetCore21App.csproj", "{1DDB8D18-4A22-4238-B328-B00C209590AA}"
EndProject
Project("{FAE04EC0-301F-11D3-BF4B-00C04F79EFBC}") = "WebApplication1", "examples\WebApplication1\WebApplication1.csproj", "{5BBE1F96-F3C2-4D39-82B2-AF23507957D7}"
EndProject
Global
	GlobalSection(SolutionConfigurationPlatforms) = preSolution
		Debug|Any CPU = Debug|Any CPU
		Release|Any CPU = Release|Any CPU
	EndGlobalSection
	GlobalSection(ProjectConfigurationPlatforms) = postSolution
		{EFBFAD1F-F095-4625-8F20-A4101B09BC99}.Debug|Any CPU.ActiveCfg = Debug|Any CPU
		{EFBFAD1F-F095-4625-8F20-A4101B09BC99}.Debug|Any CPU.Build.0 = Debug|Any CPU
		{EFBFAD1F-F095-4625-8F20-A4101B09BC99}.Release|Any CPU.ActiveCfg = Release|Any CPU
		{EFBFAD1F-F095-4625-8F20-A4101B09BC99}.Release|Any CPU.Build.0 = Release|Any CPU
		{61B54BCE-0B0D-4F1F-8F34-4959A9A251C8}.Debug|Any CPU.ActiveCfg = Debug|Any CPU
		{61B54BCE-0B0D-4F1F-8F34-4959A9A251C8}.Debug|Any CPU.Build.0 = Debug|Any CPU
		{61B54BCE-0B0D-4F1F-8F34-4959A9A251C8}.Release|Any CPU.ActiveCfg = Release|Any CPU
		{61B54BCE-0B0D-4F1F-8F34-4959A9A251C8}.Release|Any CPU.Build.0 = Release|Any CPU
		{069147A7-9C52-482F-97FE-D4A6786AF851}.Debug|Any CPU.ActiveCfg = Debug|Any CPU
		{069147A7-9C52-482F-97FE-D4A6786AF851}.Debug|Any CPU.Build.0 = Debug|Any CPU
		{069147A7-9C52-482F-97FE-D4A6786AF851}.Release|Any CPU.ActiveCfg = Release|Any CPU
		{069147A7-9C52-482F-97FE-D4A6786AF851}.Release|Any CPU.Build.0 = Release|Any CPU
		{1DDB8D18-4A22-4238-B328-B00C209590AA}.Debug|Any CPU.ActiveCfg = Debug|Any CPU
		{1DDB8D18-4A22-4238-B328-B00C209590AA}.Debug|Any CPU.Build.0 = Debug|Any CPU
		{1DDB8D18-4A22-4238-B328-B00C209590AA}.Release|Any CPU.ActiveCfg = Release|Any CPU
		{1DDB8D18-4A22-4238-B328-B00C209590AA}.Release|Any CPU.Build.0 = Release|Any CPU
		{5BBE1F96-F3C2-4D39-82B2-AF23507957D7}.Debug|Any CPU.ActiveCfg = Debug|Any CPU
		{5BBE1F96-F3C2-4D39-82B2-AF23507957D7}.Debug|Any CPU.Build.0 = Debug|Any CPU
		{5BBE1F96-F3C2-4D39-82B2-AF23507957D7}.Release|Any CPU.ActiveCfg = Release|Any CPU
		{5BBE1F96-F3C2-4D39-82B2-AF23507957D7}.Release|Any CPU.Build.0 = Release|Any CPU
	EndGlobalSection
	GlobalSection(SolutionProperties) = preSolution
		HideSolutionNode = FALSE
	EndGlobalSection
	GlobalSection(NestedProjects) = preSolution
		{069147A7-9C52-482F-97FE-D4A6786AF851} = {B693BFF8-AFCA-4A1E-82C7-35C90E15EF3D}
		{1DDB8D18-4A22-4238-B328-B00C209590AA} = {B693BFF8-AFCA-4A1E-82C7-35C90E15EF3D}
		{5BBE1F96-F3C2-4D39-82B2-AF23507957D7} = {B693BFF8-AFCA-4A1E-82C7-35C90E15EF3D}
	EndGlobalSection
	GlobalSection(ExtensibilityGlobals) = postSolution
		SolutionGuid = {DAAB3204-5D25-4E3F-815A-D3BFF50682F9}
	EndGlobalSection
EndGlobal
